
Microsoft Visual Studio Solution File, Format Version 12.00
# Visual Studio Version 17
VisualStudioVersion = 17.1.32328.378
MinimumVisualStudioVersion = 10.0.40219.1
Project("{FAE04EC0-301F-11D3-BF4B-00C04F79EFBC}") = "QA_ProSpace", "QA_ProSpace\QA_ProSpace.csproj", "{E806812C-C04F-4F2B-B052-14B5FFA57ED3}"
EndProject
Global
	GlobalSection(SolutionConfigurationPlatforms) = preSolution
		Debug|Any CPU = Debug|Any CPU
		Release|Any CPU = Release|Any CPU
	EndGlobalSection
	GlobalSection(ProjectConfigurationPlatforms) = postSolution
		{E806812C-C04F-4F2B-B052-14B5FFA57ED3}.Debug|Any CPU.ActiveCfg = Debug|Any CPU
		{E806812C-C04F-4F2B-B052-14B5FFA57ED3}.Debug|Any CPU.Build.0 = Debug|Any CPU
		{E806812C-C04F-4F2B-B052-14B5FFA57ED3}.Release|Any CPU.ActiveCfg = Release|Any CPU
		{E806812C-C04F-4F2B-B052-14B5FFA57ED3}.Release|Any CPU.Build.0 = Release|Any CPU
	EndGlobalSection
	GlobalSection(SolutionProperties) = preSolution
		HideSolutionNode = FALSE
	EndGlobalSection
	GlobalSection(ExtensibilityGlobals) = postSolution
		SolutionGuid = {454F5A81-65FD-486D-A7A4-E99B1C2A7BCF}
	EndGlobalSection
EndGlobal
